
Microsoft Visual Studio Solution File, Format Version 12.00
# Visual Studio Version 17
VisualStudioVersion = 17.3.32804.467
MinimumVisualStudioVersion = 10.0.40219.1
Project("{9A19103F-16F7-4668-BE54-9A1E7A4F7556}") = "SteamROMLibrarian", "SteamROMLibrarian\SteamROMLibrarian.csproj", "{EC059152-DD3D-45CC-9BBB-CF29BF62758A}"
EndProject
Project("{9A19103F-16F7-4668-BE54-9A1E7A4F7556}") = "VDFLib", "SteamAppInfoParser\VDFLib.csproj", "{D3E7F10E-F6FB-4CDE-AAAB-0664ABA9394C}"
EndProject
Global
	GlobalSection(SolutionConfigurationPlatforms) = preSolution
		Debug|Any CPU = Debug|Any CPU
		Release|Any CPU = Release|Any CPU
	EndGlobalSection
	GlobalSection(ProjectConfigurationPlatforms) = postSolution
		{EC059152-DD3D-45CC-9BBB-CF29BF62758A}.Debug|Any CPU.ActiveCfg = Debug|Any CPU
		{EC059152-DD3D-45CC-9BBB-CF29BF62758A}.Debug|Any CPU.Build.0 = Debug|Any CPU
		{EC059152-DD3D-45CC-9BBB-CF29BF62758A}.Release|Any CPU.ActiveCfg = Release|Any CPU
		{EC059152-DD3D-45CC-9BBB-CF29BF62758A}.Release|Any CPU.Build.0 = Release|Any CPU
		{D3E7F10E-F6FB-4CDE-AAAB-0664ABA9394C}.Debug|Any CPU.ActiveCfg = Debug|Any CPU
		{D3E7F10E-F6FB-4CDE-AAAB-0664ABA9394C}.Debug|Any CPU.Build.0 = Debug|Any CPU
		{D3E7F10E-F6FB-4CDE-AAAB-0664ABA9394C}.Release|Any CPU.ActiveCfg = Release|Any CPU
		{D3E7F10E-F6FB-4CDE-AAAB-0664ABA9394C}.Release|Any CPU.Build.0 = Release|Any CPU
	EndGlobalSection
	GlobalSection(SolutionProperties) = preSolution
		HideSolutionNode = FALSE
	EndGlobalSection
	GlobalSection(ExtensibilityGlobals) = postSolution
		SolutionGuid = {2B6C6E30-4435-460C-A482-9126D0704C53}
	EndGlobalSection
EndGlobal
